
Microsoft Visual Studio Solution File, Format Version 12.00
# Visual Studio Version 16
VisualStudioVersion = 16.0.30011.22
MinimumVisualStudioVersion = 10.0.40219.1
Project("{FAE04EC0-301F-11D3-BF4B-00C04F79EFBC}") = "PacticeBook", "PacticeBook.csproj", "{20C4A863-905F-49E5-9132-A71CC0CD7131}"
EndProject
Global
	GlobalSection(SolutionConfigurationPlatforms) = preSolution
		Debug|Any CPU = Debug|Any CPU
		Release|Any CPU = Release|Any CPU
	EndGlobalSection
	GlobalSection(ProjectConfigurationPlatforms) = postSolution
		{20C4A863-905F-49E5-9132-A71CC0CD7131}.Debug|Any CPU.ActiveCfg = Debug|Any CPU
		{20C4A863-905F-49E5-9132-A71CC0CD7131}.Debug|Any CPU.Build.0 = Debug|Any CPU
		{20C4A863-905F-49E5-9132-A71CC0CD7131}.Release|Any CPU.ActiveCfg = Release|Any CPU
		{20C4A863-905F-49E5-9132-A71CC0CD7131}.Release|Any CPU.Build.0 = Release|Any CPU
	EndGlobalSection
	GlobalSection(SolutionProperties) = preSolution
		HideSolutionNode = FALSE
	EndGlobalSection
	GlobalSection(ExtensibilityGlobals) = postSolution
		SolutionGuid = {1909F197-D77D-4C92-8BC1-71F70D969D65}
	EndGlobalSection
EndGlobal
